// !$*UTF8*$!
{
	archiveVersion = 1;
	classes = {
	};
	objectVersion = 50;
	objects = {

/* Begin PBXBuildFile section */
		EB279A692274CD8E00969F38 /* AppDelegate.swift in Sources */ = {isa = PBXBuildFile; fileRef = EB279A682274CD8E00969F38 /* AppDelegate.swift */; };
		EB279A6B2274CD8E00969F38 /* ViewController.swift in Sources */ = {isa = PBXBuildFile; fileRef = EB279A6A2274CD8E00969F38 /* ViewController.swift */; };
		EB279A6E2274CD8E00969F38 /* Main.storyboard in Resources */ = {isa = PBXBuildFile; fileRef = EB279A6C2274CD8E00969F38 /* Main.storyboard */; };
		EB279A712274CD8E00969F38 /* GAPSI.xcdatamodeld in Sources */ = {isa = PBXBuildFile; fileRef = EB279A6F2274CD8E00969F38 /* GAPSI.xcdatamodeld */; };
		EB279A732274CD9100969F38 /* Assets.xcassets in Resources */ = {isa = PBXBuildFile; fileRef = EB279A722274CD9100969F38 /* Assets.xcassets */; };
		EB279A762274CD9100969F38 /* LaunchScreen.storyboard in Resources */ = {isa = PBXBuildFile; fileRef = EB279A742274CD9100969F38 /* LaunchScreen.storyboard */; };
		EB279A812274D0A700969F38 /* HistorialVC.swift in Sources */ = {isa = PBXBuildFile; fileRef = EB279A802274D0A700969F38 /* HistorialVC.swift */; };
		EB279A832274D0C700969F38 /* Services.swift in Sources */ = {isa = PBXBuildFile; fileRef = EB279A822274D0C700969F38 /* Services.swift */; };
		EB279A862274F25200969F38 /* Cell_search.swift in Sources */ = {isa = PBXBuildFile; fileRef = EB279A852274F25200969F38 /* Cell_search.swift */; };
		FF3BD8DB41D29FF8655A8F76 /* Pods_GAPSI.framework in Frameworks */ = {isa = PBXBuildFile; fileRef = E4E49611336C89327349C9E4 /* Pods_GAPSI.framework */; };
/* End PBXBuildFile section */

/* Begin PBXFileReference section */
		584729B3FF76F7A393FAD845 /* Pods-GAPSI.release.xcconfig */ = {isa = PBXFileReference; includeInIndex = 1; lastKnownFileType = text.xcconfig; name = "Pods-GAPSI.release.xcconfig"; path = "Target Support Files/Pods-GAPSI/Pods-GAPSI.release.xcconfig"; sourceTree = "<group>"; };
		E4E49611336C89327349C9E4 /* Pods_GAPSI.framework */ = {isa = PBXFileReference; explicitFileType = wrapper.framework; includeInIndex = 0; path = Pods_GAPSI.framework; sourceTree = BUILT_PRODUCTS_DIR; };
		EB279A652274CD8E00969F38 /* GAPSI.app */ = {isa = PBXFileReference; explicitFileType = wrapper.application; includeInIndex = 0; path = GAPSI.app; sourceTree = BUILT_PRODUCTS_DIR; };
		EB279A682274CD8E00969F38 /* AppDelegate.swift */ = {isa = PBXFileReference; lastKnownFileType = sourcecode.swift; path = AppDelegate.swift; sourceTree = "<group>"; };
		EB279A6A2274CD8E00969F38 /* ViewController.swift */ = {isa = PBXFileReference; lastKnownFileType = sourcecode.swift; path = ViewController.swift; sourceTree = "<group>"; };
		EB279A6D2274CD8E00969F38 /* Base */ = {isa = PBXFileReference; lastKnownFileType = file.storyboard; name = Base; path = Base.lproj/Main.storyboard; sourceTree = "<group>"; };
		EB279A702274CD8E00969F38 /* GAPSI.xcdatamodel */ = {isa = PBXFileReference; lastKnownFileType = wrapper.xcdatamodel; path = GAPSI.xcdatamodel; sourceTree = "<group>"; };
		EB279A722274CD9100969F38 /* Assets.xcassets */ = {isa = PBXFileReference; lastKnownFileType = folder.assetcatalog; path = Assets.xcassets; sourceTree = "<group>"; };
		EB279A752274CD9100969F38 /* Base */ = {isa = PBXFileReference; lastKnownFileType = file.storyboard; name = Base; path = Base.lproj/LaunchScreen.storyboard; sourceTree = "<group>"; };
		EB279A772274CD9100969F38 /* Info.plist */ = {isa = PBXFileReference; lastKnownFileType = text.plist.xml; path = Info.plist; sourceTree = "<group>"; };
		EB279A802274D0A700969F38 /* HistorialVC.swift */ = {isa = PBXFileReference; lastKnownFileType = sourcecode.swift; path = HistorialVC.swift; sourceTree = "<group>"; };
		EB279A822274D0C700969F38 /* Services.swift */ = {isa = PBXFileReference; lastKnownFileType = sourcecode.swift; path = Services.swift; sourceTree = "<group>"; };
		EB279A852274F25200969F38 /* Cell_search.swift */ = {isa = PBXFileReference; lastKnownFileType = sourcecode.swift; path = Cell_search.swift; sourceTree = "<group>"; };
		F8D954C739023AC828641FCF /* Pods-GAPSI.debug.xcconfig */ = {isa = PBXFileReference; includeInIndex = 1; lastKnownFileType = text.xcconfig; name = "Pods-GAPSI.debug.xcconfig"; path = "Target Support Files/Pods-GAPSI/Pods-GAPSI.debug.xcconfig"; sourceTree = "<group>"; };
/* End PBXFileReference section */

/* Begin PBXFrameworksBuildPhase section */
		EB279A622274CD8E00969F38 /* Frameworks */ = {
			isa = PBXFrameworksBuildPhase;
			buildActionMask = 2147483647;
			files = (
				FF3BD8DB41D29FF8655A8F76 /* Pods_GAPSI.framework in Frameworks */,
			);
			runOnlyForDeploymentPostprocessing = 0;
		};
/* End PBXFrameworksBuildPhase section */

/* Begin PBXGroup section */
		6B86909F2D85E7B2DAAC0B85 /* Pods */ = {
			isa = PBXGroup;
			children = (
				F8D954C739023AC828641FCF /* Pods-GAPSI.debug.xcconfig */,
				584729B3FF76F7A393FAD845 /* Pods-GAPSI.release.xcconfig */,
			);
			path = Pods;
			sourceTree = "<group>";
		};
		94ADF04B7C09CD1D2118BDC5 /* Frameworks */ = {
			isa = PBXGroup;
			children = (
				E4E49611336C89327349C9E4 /* Pods_GAPSI.framework */,
			);
			name = Frameworks;
			sourceTree = "<group>";
		};
		EB279A5C2274CD8E00969F38 = {
			isa = PBXGroup;
			children = (
				EB279A672274CD8E00969F38 /* GAPSI */,
				EB279A662274CD8E00969F38 /* Products */,
				6B86909F2D85E7B2DAAC0B85 /* Pods */,
				94ADF04B7C09CD1D2118BDC5 /* Frameworks */,
			);
			sourceTree = "<group>";
		};
		EB279A662274CD8E00969F38 /* Products */ = {
			isa = PBXGroup;
			children = (
				EB279A652274CD8E00969F38 /* GAPSI.app */,
			);
			name = Products;
			sourceTree = "<group>";
		};
		EB279A672274CD8E00969F38 /* GAPSI */ = {
			isa = PBXGroup;
			children = (
				EB279A842274D0CA00969F38 /* WebServices */,
				EB279A7D2274D05400969F38 /* Cells */,
				EB279A682274CD8E00969F38 /* AppDelegate.swift */,
				EB279A802274D0A700969F38 /* HistorialVC.swift */,
				EB279A6A2274CD8E00969F38 /* ViewController.swift */,
				EB279A6C2274CD8E00969F38 /* Main.storyboard */,
				EB279A722274CD9100969F38 /* Assets.xcassets */,
				EB279A742274CD9100969F38 /* LaunchScreen.storyboard */,
				EB279A772274CD9100969F38 /* Info.plist */,
				EB279A6F2274CD8E00969F38 /* GAPSI.xcdatamodeld */,
			);
			path = GAPSI;
			sourceTree = "<group>";
		};
		EB279A7D2274D05400969F38 /* Cells */ = {
			isa = PBXGroup;
			children = (
				EB279A852274F25200969F38 /* Cell_search.swift */,
			);
			path = Cells;
			sourceTree = "<group>";
		};
		EB279A842274D0CA00969F38 /* WebServices */ = {
			isa = PBXGroup;
			children = (
				EB279A822274D0C700969F38 /* Services.swift */,
			);
			path = WebServices;
			sourceTree = "<group>";
		};
/* End PBXGroup section */

/* Begin PBXNativeTarget section */
		EB279A642274CD8E00969F38 /* GAPSI */ = {
			isa = PBXNativeTarget;
			buildConfigurationList = EB279A7A2274CD9100969F38 /* Build configuration list for PBXNativeTarget "GAPSI" */;
			buildPhases = (
				4EB4D78CDB2641D8AF13FBC7 /* [CP] Check Pods Manifest.lock */,
				EB279A612274CD8E00969F38 /* Sources */,
				EB279A622274CD8E00969F38 /* Frameworks */,
				EB279A632274CD8E00969F38 /* Resources */,
				A5D0F51713054E25E539B791 /* [CP] Embed Pods Frameworks */,
			);
			buildRules = (
			);
			dependencies = (
			);
			name = GAPSI;
			productName = GAPSI;
			productReference = EB279A652274CD8E00969F38 /* GAPSI.app */;
			productType = "com.apple.product-type.application";
		};
/* End PBXNativeTarget section */

/* Begin PBXProject section */
		EB279A5D2274CD8E00969F38 /* Project object */ = {
			isa = PBXProject;
			attributes = {
				LastSwiftUpdateCheck = 1010;
				LastUpgradeCheck = 1010;
				ORGANIZATIONNAME = "Isaac Rosas";
				TargetAttributes = {
					EB279A642274CD8E00969F38 = {
						CreatedOnToolsVersion = 10.1;
					};
				};
			};
			buildConfigurationList = EB279A602274CD8E00969F38 /* Build configuration list for PBXProject "GAPSI" */;
			compatibilityVersion = "Xcode 9.3";
			developmentRegion = en;
			hasScannedForEncodings = 0;
			knownRegions = (
				en,
				Base,
			);
			mainGroup = EB279A5C2274CD8E00969F38;
			productRefGroup = EB279A662274CD8E00969F38 /* Products */;
			projectDirPath = "";
			projectRoot = "";
			targets = (
				EB279A642274CD8E00969F38 /* GAPSI */,
			);
		};
/* End PBXProject section */

/* Begin PBXResourcesBuildPhase section */
		EB279A632274CD8E00969F38 /* Resources */ = {
			isa = PBXResourcesBuildPhase;
			buildActionMask = 2147483647;
			files = (
				EB279A762274CD9100969F38 /* LaunchScreen.storyboard in Resources */,
				EB279A732274CD9100969F38 /* Assets.xcassets in Resources */,
				EB279A6E2274CD8E00969F38 /* Main.storyboard in Resources */,
			);
			runOnlyForDeploymentPostprocessing = 0;
		};
/* End PBXResourcesBuildPhase section */

/* Begin PBXShellScriptBuildPhase section */
		4EB4D78CDB2641D8AF13FBC7 /* [CP] Check Pods Manifest.lock */ = {
			isa = PBXShellScriptBuildPhase;
			buildActionMask = 2147483647;
			files = (
			);
			inputFileListPaths = (
			);
			inputPaths = (
				"${PODS_PODFILE_DIR_PATH}/Podfile.lock",
				"${PODS_ROOT}/Manifest.lock",
			);
			name = "[CP] Check Pods Manifest.lock";
			outputFileListPaths = (
			);
			outputPaths = (
				"$(DERIVED_FILE_DIR)/Pods-GAPSI-checkManifestLockResult.txt",
			);
			runOnlyForDeploymentPostprocessing = 0;
			shellPath = /bin/sh;
			shellScript = "diff \"${PODS_PODFILE_DIR_PATH}/Podfile.lock\" \"${PODS_ROOT}/Manifest.lock\" > /dev/null\nif [ $? != 0 ] ; then\n    # print error to STDERR\n    echo \"error: The sandbox is not in sync with the Podfile.lock. Run 'pod install' or update your CocoaPods installation.\" >&2\n    exit 1\nfi\n# This output is used by Xcode 'outputs' to avoid re-running this script phase.\necho \"SUCCESS\" > \"${SCRIPT_OUTPUT_FILE_0}\"\n";
			showEnvVarsInLog = 0;
		};
		A5D0F51713054E25E539B791 /* [CP] Embed Pods Frameworks */ = {
			isa = PBXShellScriptBuildPhase;
			buildActionMask = 2147483647;
			files = (
			);
			inputFileListPaths = (
			);
			inputPaths = (
				"${PODS_ROOT}/Target Support Files/Pods-GAPSI/Pods-GAPSI-frameworks.sh",
				"${BUILT_PRODUCTS_DIR}/MBProgressHUD/MBProgressHUD.framework",
				"${BUILT_PRODUCTS_DIR}/SDWebImage/SDWebImage.framework",
			);
			name = "[CP] Embed Pods Frameworks";
			outputFileListPaths = (
			);
			outputPaths = (
				"${TARGET_BUILD_DIR}/${FRAMEWORKS_FOLDER_PATH}/MBProgressHUD.framework",
				"${TARGET_BUILD_DIR}/${FRAMEWORKS_FOLDER_PATH}/SDWebImage.framework",
			);
			runOnlyForDeploymentPostprocessing = 0;
			shellPath = /bin/sh;
			shellScript = "\"${PODS_ROOT}/Target Support Files/Pods-GAPSI/Pods-GAPSI-frameworks.sh\"\n";
			showEnvVarsInLog = 0;
		};
/* End PBXShellScriptBuildPhase section */

/* Begin PBXSourcesBuildPhase section */
		EB279A612274CD8E00969F38 /* Sources */ = {
			isa = PBXSourcesBuildPhase;
			buildActionMask = 2147483647;
			files = (
				EB279A6B2274CD8E00969F38 /* ViewController.swift in Sources */,
				EB279A832274D0C700969F38 /* Services.swift in Sources */,
				EB279A812274D0A700969F38 /* HistorialVC.swift in Sources */,
				EB279A712274CD8E00969F38 /* GAPSI.xcdatamodeld in Sources */,
				EB279A692274CD8E00969F38 /* AppDelegate.swift in Sources */,
				EB279A862274F25200969F38 /* Cell_search.swift in Sources */,
			);
			runOnlyForDeploymentPostprocessing = 0;
		};
/* End PBXSourcesBuildPhase section */

/* Begin PBXVariantGroup section */
		EB279A6C2274CD8E00969F38 /* Main.storyboard */ = {
			isa = PBXVariantGroup;
			children = (
				EB279A6D2274CD8E00969F38 /* Base */,
			);
			name = Main.storyboard;
			sourceTree = "<group>";
		};
		EB279A742274CD9100969F38 /* LaunchScreen.storyboard */ = {
			isa = PBXVariantGroup;
			children = (
				EB279A752274CD9100969F38 /* Base */,
			);
			name = LaunchScreen.storyboard;
			sourceTree = "<group>";
		};
/* End PBXVariantGroup section */

/* Begin XCBuildConfiguration section */
		EB279A782274CD9100969F38 /* Debug */ = {
			isa = XCBuildConfiguration;
			buildSettings = {
				ALWAYS_SEARCH_USER_PATHS = NO;
				CLANG_ANALYZER_NONNULL = YES;
				CLANG_ANALYZER_NUMBER_OBJECT_CONVERSION = YES_AGGRESSIVE;
				CLANG_CXX_LANGUAGE_STANDARD = "gnu++14";
				CLANG_CXX_LIBRARY = "libc++";
				CLANG_ENABLE_MODULES = YES;
				CLANG_ENABLE_OBJC_ARC = YES;
				CLANG_ENABLE_OBJC_WEAK = YES;
				CLANG_WARN_BLOCK_CAPTURE_AUTORELEASING = YES;
				CLANG_WARN_BOOL_CONVERSION = YES;
				CLANG_WARN_COMMA = YES;
				CLANG_WARN_CONSTANT_CONVERSION = YES;
				CLANG_WARN_DEPRECATED_OBJC_IMPLEMENTATIONS = YES;
				CLANG_WARN_DIRECT_OBJC_ISA_USAGE = YES_ERROR;
				CLANG_WARN_DOCUMENTATION_COMMENTS = YES;
				CLANG_WARN_EMPTY_BODY = YES;
				CLANG_WARN_ENUM_CONVERSION = YES;
				CLANG_WARN_INFINITE_RECURSION = YES;
				CLANG_WARN_INT_CONVERSION = YES;
				CLANG_WARN_NON_LITERAL_NULL_CONVERSION = YES;
				CLANG_WARN_OBJC_IMPLICIT_RETAIN_SELF = YES;
				CLANG_WARN_OBJC_LITERAL_CONVERSION = YES;
				CLANG_WARN_OBJC_ROOT_CLASS = YES_ERROR;
				CLANG_WARN_RANGE_LOOP_ANALYSIS = YES;
				CLANG_WARN_STRICT_PROTOTYPES = YES;
				CLANG_WARN_SUSPICIOUS_MOVE = YES;
				CLANG_WARN_UNGUARDED_AVAILABILITY = YES_AGGRESSIVE;
				CLANG_WARN_UNREACHABLE_CODE = YES;
				CLANG_WARN__DUPLICATE_METHOD_MATCH = YES;
				CODE_SIGN_IDENTITY = "iPhone Developer";
				COPY_PHASE_STRIP = NO;
				DEBUG_INFORMATION_FORMAT = dwarf;
				ENABLE_STRICT_OBJC_MSGSEND = YES;
				ENABLE_TESTABILITY = YES;
				GCC_C_LANGUAGE_STANDARD = gnu11;
				GCC_DYNAMIC_NO_PIC = NO;
				GCC_NO_COMMON_BLOCKS = YES;
				GCC_OPTIMIZATION_LEVEL = 0;
				GCC_PREPROCESSOR_DEFINITIONS = (
					"DEBUG=1",
					"$(inherited)",
				);
				GCC_WARN_64_TO_32_BIT_CONVERSION = YES;
				GCC_WARN_ABOUT_RETURN_TYPE = YES_ERROR;
				GCC_WARN_UNDECLARED_SELECTOR = YES;
				GCC_WARN_UNINITIALIZED_AUTOS = YES_AGGRESSIVE;
				GCC_WARN_UNUSED_FUNCTION = YES;
				GCC_WARN_UNUSED_VARIABLE = YES;
				IPHONEOS_DEPLOYMENT_TARGET = 12.1;
				MTL_ENABLE_DEBUG_INFO = INCLUDE_SOURCE;
				MTL_FAST_MATH = YES;
				ONLY_ACTIVE_ARCH = YES;
				SDKROOT = iphoneos;
				SWIFT_ACTIVE_COMPILATION_CONDITIONS = DEBUG;
				SWIFT_OPTIMIZATION_LEVEL = "-Onone";
			};
			name = Debug;
		};
		EB279A792274CD9100969F38 /* Release */ = {
			isa = XCBuildConfiguration;
			buildSettings = {
				ALWAYS_SEARCH_USER_PATHS = NO;
				CLANG_ANALYZER_NONNULL = YES;
				CLANG_ANALYZER_NUMBER_OBJECT_CONVERSION = YES_AGGRESSIVE;
				CLANG_CXX_LANGUAGE_STANDARD = "gnu++14";
				CLANG_CXX_LIBRARY = "libc++";
				CLANG_ENABLE_MODULES = YES;
				CLANG_ENABLE_OBJC_ARC = YES;
				CLANG_ENABLE_OBJC_WEAK = YES;
				CLANG_WARN_BLOCK_CAPTURE_AUTORELEASING = YES;
				CLANG_WARN_BOOL_CONVERSION = YES;
				CLANG_WARN_COMMA = YES;
				CLANG_WARN_CONSTANT_CONVERSION = YES;
				CLANG_WARN_DEPRECATED_OBJC_IMPLEMENTATIONS = YES;
				CLANG_WARN_DIRECT_OBJC_ISA_USAGE = YES_ERROR;
				CLANG_WARN_DOCUMENTATION_COMMENTS = YES;
				CLANG_WARN_EMPTY_BODY = YES;
				CLANG_WARN_ENUM_CONVERSION = YES;
				CLANG_WARN_INFINITE_RECURSION = YES;
				CLANG_WARN_INT_CONVERSION = YES;
				CLANG_WARN_NON_LITERAL_NULL_CONVERSION = YES;
				CLANG_WARN_OBJC_IMPLICIT_RETAIN_SELF = YES;
				CLANG_WARN_OBJC_LITERAL_CONVERSION = YES;
				CLANG_WARN_OBJC_ROOT_CLASS = YES_ERROR;
				CLANG_WARN_RANGE_LOOP_ANALYSIS = YES;
				CLANG_WARN_STRICT_PROTOTYPES = YES;
				CLANG_WARN_SUSPICIOUS_MOVE = YES;
				CLANG_WARN_UNGUARDED_AVAILABILITY = YES_AGGRESSIVE;
				CLANG_WARN_UNREACHABLE_CODE = YES;
				CLANG_WARN__DUPLICATE_METHOD_MATCH = YES;
				CODE_SIGN_IDENTITY = "iPhone Developer";
				COPY_PHASE_STRIP = NO;
				DEBUG_INFORMATION_FORMAT = "dwarf-with-dsym";
				ENABLE_NS_ASSERTIONS = NO;
				ENABLE_STRICT_OBJC_MSGSEND = YES;
				GCC_C_LANGUAGE_STANDARD = gnu11;
				GCC_NO_COMMON_BLOCKS = YES;
				GCC_WARN_64_TO_32_BIT_CONVERSION = YES;
				GCC_WARN_ABOUT_RETURN_TYPE = YES_ERROR;
				GCC_WARN_UNDECLARED_SELECTOR = YES;
				GCC_WARN_UNINITIALIZED_AUTOS = YES_AGGRESSIVE;
				GCC_WARN_UNUSED_FUNCTION = YES;
				GCC_WARN_UNUSED_VARIABLE = YES;
				IPHONEOS_DEPLOYMENT_TARGET = 12.1;
				MTL_ENABLE_DEBUG_INFO = NO;
				MTL_FAST_MATH = YES;
				SDKROOT = iphoneos;
				SWIFT_COMPILATION_MODE = wholemodule;
				SWIFT_OPTIMIZATION_LEVEL = "-O";
				VALIDATE_PRODUCT = YES;
			};
			name = Release;
		};
		EB279A7B2274CD9100969F38 /* Debug */ = {
			isa = XCBuildConfiguration;
			baseConfigurationReference = F8D954C739023AC828641FCF /* Pods-GAPSI.debug.xcconfig */;
			buildSettings = {
				ASSETCATALOG_COMPILER_APPICON_NAME = AppIcon;
				CODE_SIGN_STYLE = Automatic;
				DEVELOPMENT_TEAM = QM9Y9CNSK6;
				INFOPLIST_FILE = GAPSI/Info.plist;
				LD_RUNPATH_SEARCH_PATHS = (
					"$(inherited)",
					"@executable_path/Frameworks",
				);
				PRODUCT_BUNDLE_IDENTIFIER = "com.pruebas.-";
				PRODUCT_NAME = "$(TARGET_NAME)";
				SWIFT_VERSION = 4.2;
				TARGETED_DEVICE_FAMILY = "1,2";
			};
			name = Debug;
		};
		EB279A7C2274CD9100969F38 /* Release */ = {
			isa = XCBuildConfiguration;
			baseConfigurationReference = 584729B3FF76F7A393FAD845 /* Pods-GAPSI.release.xcconfig */;
			buildSettings = {
				ASSETCATALOG_COMPILER_APPICON_NAME = AppIcon;
				CODE_SIGN_STYLE = Automatic;
				DEVELOPMENT_TEAM = QM9Y9CNSK6;
				INFOPLIST_FILE = GAPSI/Info.plist;
				LD_RUNPATH_SEARCH_PATHS = (
					"$(inherited)",
					"@executable_path/Frameworks",
				);
				PRODUCT_BUNDLE_IDENTIFIER = "com.pruebas.-";
				PRODUCT_NAME = "$(TARGET_NAME)";
				SWIFT_VERSION = 4.2;
				TARGETED_DEVICE_FAMILY = "1,2";
			};
			name = Release;
		};
/* End XCBuildConfiguration section */

/* Begin XCConfigurationList section */
		EB279A602274CD8E00969F38 /* Build configuration list for PBXProject "GAPSI" */ = {
			isa = XCConfigurationList;
			buildConfigurations = (
				EB279A782274CD9100969F38 /* Debug */,
				EB279A792274CD9100969F38 /* Release */,
			);
			defaultConfigurationIsVisible = 0;
			defaultConfigurationName = Release;
		};
		EB279A7A2274CD9100969F38 /* Build configuration list for PBXNativeTarget "GAPSI" */ = {
			isa = XCConfigurationList;
			buildConfigurations = (
				EB279A7B2274CD9100969F38 /* Debug */,
				EB279A7C2274CD9100969F38 /* Release */,
			);
			defaultConfigurationIsVisible = 0;
			defaultConfigurationName = Release;
		};
/* End XCConfigurationList section */

/* Begin XCVersionGroup section */
		EB279A6F2274CD8E00969F38 /* GAPSI.xcdatamodeld */ = {
			isa = XCVersionGroup;
			children = (
				EB279A702274CD8E00969F38 /* GAPSI.xcdatamodel */,
			);
			currentVersion = EB279A702274CD8E00969F38 /* GAPSI.xcdatamodel */;
			path = GAPSI.xcdatamodeld;
			sourceTree = "<group>";
			versionGroupType = wrapper.xcdatamodel;
		};
/* End XCVersionGroup section */
	};
	rootObject = EB279A5D2274CD8E00969F38 /* Project object */;
}
